
Microsoft Visual Studio Solution File, Format Version 12.00
# Visual Studio Version 17
VisualStudioVersion = 17.5.33424.131
MinimumVisualStudioVersion = 10.0.40219.1
Project("{FAE04EC0-301F-11D3-BF4B-00C04F79EFBC}") = "PFA_WebAPI", "PFA_WebAPI.csproj", "{EACD144F-5641-447B-8005-3EC61854E6B8}"
EndProject
Global
	GlobalSection(SolutionConfigurationPlatforms) = preSolution
		Debug|Any CPU = Debug|Any CPU
		Release|Any CPU = Release|Any CPU
	EndGlobalSection
	GlobalSection(ProjectConfigurationPlatforms) = postSolution
		{EACD144F-5641-447B-8005-3EC61854E6B8}.Debug|Any CPU.ActiveCfg = Debug|Any CPU
		{EACD144F-5641-447B-8005-3EC61854E6B8}.Debug|Any CPU.Build.0 = Debug|Any CPU
		{EACD144F-5641-447B-8005-3EC61854E6B8}.Release|Any CPU.ActiveCfg = Release|Any CPU
		{EACD144F-5641-447B-8005-3EC61854E6B8}.Release|Any CPU.Build.0 = Release|Any CPU
	EndGlobalSection
	GlobalSection(SolutionProperties) = preSolution
		HideSolutionNode = FALSE
	EndGlobalSection
	GlobalSection(ExtensibilityGlobals) = postSolution
		SolutionGuid = {714A408F-142C-44FD-A99B-D97C34F8AF4E}
	EndGlobalSection
EndGlobal
